
Microsoft Visual Studio Solution File, Format Version 12.00
# Visual Studio Version 17
VisualStudioVersion = 17.8.34525.116
MinimumVisualStudioVersion = 10.0.40219.1
Project("{8BC9CEB8-8B4A-11D0-8D11-00A0C91BC942}") = "Core", "Core\Core.vcxproj", "{40B56DCB-0BCB-408F-846D-A4FA38CAD5B3}"
EndProject
Project("{8BC9CEB8-8B4A-11D0-8D11-00A0C91BC942}") = "BuilderCmd", "BuilderCmd\BuilderCmd.vcxproj", "{27BBD8A1-514B-4D33-A342-0CAC0FA6E6AA}"
EndProject
Project("{8BC9CEB8-8B4A-11D0-8D11-00A0C91BC942}") = "test", "test\test.vcxproj", "{31A92987-C366-4A12-B764-129BEC690E2E}"
EndProject
Global
	GlobalSection(SolutionConfigurationPlatforms) = preSolution
		Debug|x64 = Debug|x64
		Debug|x86 = Debug|x86
		Release|x64 = Release|x64
		Release|x86 = Release|x86
	EndGlobalSection
	GlobalSection(ProjectConfigurationPlatforms) = postSolution
		{40B56DCB-0BCB-408F-846D-A4FA38CAD5B3}.Debug|x64.ActiveCfg = Debug|x64
		{40B56DCB-0BCB-408F-846D-A4FA38CAD5B3}.Debug|x64.Build.0 = Debug|x64
		{40B56DCB-0BCB-408F-846D-A4FA38CAD5B3}.Debug|x86.ActiveCfg = Debug|Win32
		{40B56DCB-0BCB-408F-846D-A4FA38CAD5B3}.Debug|x86.Build.0 = Debug|Win32
		{40B56DCB-0BCB-408F-846D-A4FA38CAD5B3}.Release|x64.ActiveCfg = Release|x64
		{40B56DCB-0BCB-408F-846D-A4FA38CAD5B3}.Release|x64.Build.0 = Release|x64
		{40B56DCB-0BCB-408F-846D-A4FA38CAD5B3}.Release|x86.ActiveCfg = Release|Win32
		{40B56DCB-0BCB-408F-846D-A4FA38CAD5B3}.Release|x86.Build.0 = Release|Win32
		{27BBD8A1-514B-4D33-A342-0CAC0FA6E6AA}.Debug|x64.ActiveCfg = Debug|x64
		{27BBD8A1-514B-4D33-A342-0CAC0FA6E6AA}.Debug|x64.Build.0 = Debug|x64
		{27BBD8A1-514B-4D33-A342-0CAC0FA6E6AA}.Debug|x86.ActiveCfg = Debug|Win32
		{27BBD8A1-514B-4D33-A342-0CAC0FA6E6AA}.Debug|x86.Build.0 = Debug|Win32
		{27BBD8A1-514B-4D33-A342-0CAC0FA6E6AA}.Release|x64.ActiveCfg = Release|x64
		{27BBD8A1-514B-4D33-A342-0CAC0FA6E6AA}.Release|x64.Build.0 = Release|x64
		{27BBD8A1-514B-4D33-A342-0CAC0FA6E6AA}.Release|x86.ActiveCfg = Release|Win32
		{27BBD8A1-514B-4D33-A342-0CAC0FA6E6AA}.Release|x86.Build.0 = Release|Win32
		{31A92987-C366-4A12-B764-129BEC690E2E}.Debug|x64.ActiveCfg = Debug|x64
		{31A92987-C366-4A12-B764-129BEC690E2E}.Debug|x64.Build.0 = Debug|x64
		{31A92987-C366-4A12-B764-129BEC690E2E}.Debug|x86.ActiveCfg = Debug|Win32
		{31A92987-C366-4A12-B764-129BEC690E2E}.Debug|x86.Build.0 = Debug|Win32
		{31A92987-C366-4A12-B764-129BEC690E2E}.Release|x64.ActiveCfg = Release|x64
		{31A92987-C366-4A12-B764-129BEC690E2E}.Release|x64.Build.0 = Release|x64
		{31A92987-C366-4A12-B764-129BEC690E2E}.Release|x86.ActiveCfg = Release|Win32
		{31A92987-C366-4A12-B764-129BEC690E2E}.Release|x86.Build.0 = Release|Win32
	EndGlobalSection
	GlobalSection(SolutionProperties) = preSolution
		HideSolutionNode = FALSE
	EndGlobalSection
	GlobalSection(ExtensibilityGlobals) = postSolution
		SolutionGuid = {EFC2CE12-C1CB-4900-8B2D-D4BB55452428}
	EndGlobalSection
EndGlobal
